lockfile_version: '1'
generated_at: '2026-06-22T16:55:15.449963+00:00'
apm_version: 0.8.11
dependencies:
- repo_url: mizchi/skills
  host: github.com
  resolved_commit: 89c1b34018ba0d85a770c065ba22f83a8d004d34
  resolved_ref: 89c1b34018ba0d85a770c065ba22f83a8d004d34
  virtual_path: meta/skill-selector
  is_virtual: true
  package_type: claude_skill
  deployed_files:
  - .claude/skills/skill-selector
  - .github/skills/skill-selector
  content_hash: sha256:1d7eb89ebe008a668c9ad495bc8cf4e2de9e1387b6edc5033e4d4d43aba382b5
