lockfile_version: '1'
generated_at: '2026-06-26T17:46:31.711665+00:00'
apm_version: 0.21.0
dependencies:
- repo_url: mizchi/pkfire
  host: github.com
  resolved_commit: 73afb6148ce8becdccc1bad47c66f16805a3f0ef
  resolved_ref: 73afb6148ce8becdccc1bad47c66f16805a3f0ef
  virtual_path: skills/pkfire
  is_virtual: true
  package_type: claude_skill
  deployed_files:
  - .claude/skills/pkfire
  - .claude/skills/pkfire/SKILL.md
  - .claude/skills/pkfire/assets/recipes/01-build-and-test.pkl
  - .claude/skills/pkfire/assets/recipes/02-multi-platform-matrix.pkl
  - .claude/skills/pkfire/assets/recipes/03-monorepo.pkl
  - .claude/skills/pkfire/assets/recipes/04-dev-watch.pkl
  - .claude/skills/pkfire/assets/recipes/05-remote-cache.pkl
  - .claude/skills/pkfire/assets/recipes/06-split-and-import.pkl
  - .claude/skills/pkfire/assets/recipes/07-hierarchical-amends.pkl
  - .claude/skills/pkfire/assets/recipes/08-services.pkl
  - .claude/skills/pkfire/assets/recipes/09-test-against-services.pkl
  - .claude/skills/pkfire/assets/recipes/10-args-passthrough.pkl
  - .claude/skills/pkfire/assets/recipes/11-named-params.pkl
  - .claude/skills/pkfire/assets/recipes/12-task-library.pkl
  - .claude/skills/pkfire/assets/recipes/13-git-hooks.pkl
  - .claude/skills/pkfire/assets/recipes/14-secretlint-pre-push.pkl
  - .claude/skills/pkfire/assets/recipes/15-diagnostics-and-lint.pkl
  - .claude/skills/pkfire/assets/recipes/16-release-version-bump.pkl
  - .claude/skills/pkfire/assets/recipes/17-pkspec-checks.pkl
  - .claude/skills/pkfire/assets/recipes/18-pkspec-check-pre-push.pkl
  - .claude/skills/pkfire/assets/recipes/19-spec-task-link.pkl
  - .github/skills/pkfire
  deployed_file_hashes:
    .claude/skills/pkfire/SKILL.md: sha256:10ab0629e795629e69fce1fff8b9ecd62e757b3ad5aacdbf8a5f35b2f5753bc4
    .claude/skills/pkfire/assets/recipes/01-build-and-test.pkl: sha256:6b9c4d6bb51dc38e2cc916d8772ad1bc6949f79bfe8fddf728e9f0514314ae0c
    .claude/skills/pkfire/assets/recipes/02-multi-platform-matrix.pkl: sha256:08905bac9ddcf5e5116def35d9747f1e46c6ce3cbc1ea19a563eafccddf6f80a
    .claude/skills/pkfire/assets/recipes/03-monorepo.pkl: sha256:d2273abc8f1d6e483754e0283e8cda4028d46f2e00a18077c2cd47c802139fad
    .claude/skills/pkfire/assets/recipes/04-dev-watch.pkl: sha256:18b3a32c49ac2f825927594105d1fc3556e070a1179228a6e544bc18b67a56a5
    .claude/skills/pkfire/assets/recipes/05-remote-cache.pkl: sha256:c26dfaaed983fd338d170ab5673704c94d3508225d09b83fa116964bd80b455e
    .claude/skills/pkfire/assets/recipes/06-split-and-import.pkl: sha256:a9b6ca416696e72b87bab19cde6b0fd4e6ba56e72d3070f0d6eb09d1e383a4d1
    .claude/skills/pkfire/assets/recipes/07-hierarchical-amends.pkl: sha256:a43cd0b785c494d0320ee17fe8fe2c66ac77452704f19c72d2351deeec1b52aa
    .claude/skills/pkfire/assets/recipes/08-services.pkl: sha256:6620e2c54bbd6545e02ae9cac9784fc070a8dd447810bb762841efdecf201b8d
    .claude/skills/pkfire/assets/recipes/09-test-against-services.pkl: sha256:29ae712b6e9c4a87c94d50ab068791864a6eaa742d57fbdc0f5d8dec408291ee
    .claude/skills/pkfire/assets/recipes/10-args-passthrough.pkl: sha256:55c261463d2fe6bbd328c52956004e90332102a2947661808c3cc8a2c6b5002d
    .claude/skills/pkfire/assets/recipes/11-named-params.pkl: sha256:6622becf1bef24be16ad44b7d100579c59bbbbba484d4c93cffe2ce6815ad4f9
    .claude/skills/pkfire/assets/recipes/12-task-library.pkl: sha256:0dc0a6ac18adba95a6cb7473f6b08d197891f82c9008914762372f307aadaa92
    .claude/skills/pkfire/assets/recipes/13-git-hooks.pkl: sha256:225ccb2c2f40328f7865bfcfd66083b4a9a9d0e1efc5d36d2b9ee62041657a5a
    .claude/skills/pkfire/assets/recipes/14-secretlint-pre-push.pkl: sha256:db899cebbae8f8b939a57207db2f900ceaba596e8c7939f0c5cc2a22823fbdd3
    .claude/skills/pkfire/assets/recipes/15-diagnostics-and-lint.pkl: sha256:54c7f40af82264d863ec4f068313230ac3f01ca765df81e47673609d16aaa5dd
    .claude/skills/pkfire/assets/recipes/16-release-version-bump.pkl: sha256:f344de90a0ef64278f3d0ad2864ba0e3349528dbbfbe62e79c6d6fcfd1156341
    .claude/skills/pkfire/assets/recipes/17-pkspec-checks.pkl: sha256:02bb5d1705201daaf214a57d2d1c4dc74f1083f8052693b2ecafacae8f1963b2
    .claude/skills/pkfire/assets/recipes/18-pkspec-check-pre-push.pkl: sha256:a6585dd7357973e4c7060d1fb1909120f3b162ff1f3ca72504504d2392c0649f
    .claude/skills/pkfire/assets/recipes/19-spec-task-link.pkl: sha256:38d69c83a7eb13ebdb266ed2fb28d2f114b66b471afa47aaff15a7c041a1851f
  content_hash: sha256:8c914124bbda18e0f1a4c05881b7413854d1fcfb374467dec010d02fd36b71b5
- repo_url: mizchi/skills
  host: github.com
  resolved_commit: 89c1b34018ba0d85a770c065ba22f83a8d004d34
  resolved_ref: 89c1b34018ba0d85a770c065ba22f83a8d004d34
  virtual_path: meta/skill-selector
  is_virtual: true
  package_type: claude_skill
  deployed_files:
  - .claude/skills/skill-selector
  - .claude/skills/skill-selector/SKILL.md
  - .claude/skills/skill-selector/evals/eval.yaml
  - .claude/skills/skill-selector/evals/ledger.yaml
  - .claude/skills/skill-selector/evals/tasks/scenario-a-typescript-init.yaml
  - .claude/skills/skill-selector/evals/tasks/scenario-b-edge.yaml
  - .claude/skills/skill-selector/references/catalog.md
  - .github/skills/skill-selector
  deployed_file_hashes:
    .claude/skills/skill-selector/SKILL.md: sha256:35b861269d7c73b905beeb3a0a086290dce3b338f7df6553dc30b8a4be9941a9
    .claude/skills/skill-selector/evals/eval.yaml: sha256:367f2ebf588d83086bdf33dd22fe0b29c028f4cb9c013322f17e450733da0637
    .claude/skills/skill-selector/evals/ledger.yaml: sha256:77073331f5075f1f094272eddfd93c505776603a060f176a13f442a8c02004f8
    .claude/skills/skill-selector/evals/tasks/scenario-a-typescript-init.yaml: sha256:3ea2f3c1130646b0b51f133cfd17d2184fb2d9745953ad13f4235e3d10ce69bf
    .claude/skills/skill-selector/evals/tasks/scenario-b-edge.yaml: sha256:c46a381c5208c11ec395d6f9c3336b13e5a23fcd90129454c196ff0e5b3d116b
    .claude/skills/skill-selector/references/catalog.md: sha256:4c85b082a187b44249de0df6ea32047b4444380f7e689df18c64930c996763f0
  content_hash: sha256:1d7eb89ebe008a668c9ad495bc8cf4e2de9e1387b6edc5033e4d4d43aba382b5
